// !$*UTF8*$!
{
	archiveVersion = 1;
	classes = {
	};
	objectVersion = 55;
	objects = {

/* Begin PBXBuildFile section */
		1409973BE72EF535F2984009 /* Pods_News.framework in Frameworks */ = {isa = PBXBuildFile; fileRef = 2E606324ACC6BBADF96F1BEB /* Pods_News.framework */; };
		6D0149594D5B36F37C93D17B /* Pods_News_NewsUITests.framework in Frameworks */ = {isa = PBXBuildFile; fileRef = 8A15ADC51FC44C3CD152714D /* Pods_News_NewsUITests.framework */; };
		8C0356C42A651F0F00B2CDC7 /* AppDelegate.swift in Sources */ = {isa = PBXBuildFile; fileRef = 8C0356C32A651F0F00B2CDC7 /* AppDelegate.swift */; };
		8C0356C62A651F0F00B2CDC7 /* SceneDelegate.swift in Sources */ = {isa = PBXBuildFile; fileRef = 8C0356C52A651F0F00B2CDC7 /* SceneDelegate.swift */; };
		8C0356CD2A651F1100B2CDC7 /* Assets.xcassets in Resources */ = {isa = PBXBuildFile; fileRef = 8C0356CC2A651F1100B2CDC7 /* Assets.xcassets */; };
		8C0356DB2A651F1100B2CDC7 /* NewsTests.swift in Sources */ = {isa = PBXBuildFile; fileRef = 8C0356DA2A651F1100B2CDC7 /* NewsTests.swift */; };
		8C0356E52A651F1100B2CDC7 /* NewsUITests.swift in Sources */ = {isa = PBXBuildFile; fileRef = 8C0356E42A651F1100B2CDC7 /* NewsUITests.swift */; };
		8C0356E72A651F1100B2CDC7 /* NewsUITestsLaunchTests.swift in Sources */ = {isa = PBXBuildFile; fileRef = 8C0356E62A651F1100B2CDC7 /* NewsUITestsLaunchTests.swift */; };
		8CF3FC592A6523A20073DBFE /* EndPoint.swift in Sources */ = {isa = PBXBuildFile; fileRef = 8CF3FC582A6523A20073DBFE /* EndPoint.swift */; };
		8CF3FC5B2A6523BE0073DBFE /* WebService.swift in Sources */ = {isa = PBXBuildFile; fileRef = 8CF3FC5A2A6523BE0073DBFE /* WebService.swift */; };
		8CF3FC5D2A6524040073DBFE /* NewsEndpoint.swift in Sources */ = {isa = PBXBuildFile; fileRef = 8CF3FC5C2A6524040073DBFE /* NewsEndpoint.swift */; };
		8CF3FC5F2A65240F0073DBFE /* NewsAPIClient.swift in Sources */ = {isa = PBXBuildFile; fileRef = 8CF3FC5E2A65240F0073DBFE /* NewsAPIClient.swift */; };
		8CF3FC612A6524380073DBFE /* Headline.swift in Sources */ = {isa = PBXBuildFile; fileRef = 8CF3FC602A6524380073DBFE /* Headline.swift */; };
		8CF3FC632A65243F0073DBFE /* Category.swift in Sources */ = {isa = PBXBuildFile; fileRef = 8CF3FC622A65243F0073DBFE /* Category.swift */; };
		8CF3FC652A6524470073DBFE /* Country.swift in Sources */ = {isa = PBXBuildFile; fileRef = 8CF3FC642A6524470073DBFE /* Country.swift */; };
		8CF3FC672A6524C90073DBFE /* NewsListViewController.swift in Sources */ = {isa = PBXBuildFile; fileRef = 8CF3FC662A6524C90073DBFE /* NewsListViewController.swift */; };
		8CF3FC692A6524D30073DBFE /* NewsListViewModel.swift in Sources */ = {isa = PBXBuildFile; fileRef = 8CF3FC682A6524D30073DBFE /* NewsListViewModel.swift */; };
		8CF3FC6B2A6524FA0073DBFE /* ArticleCell.swift in Sources */ = {isa = PBXBuildFile; fileRef = 8CF3FC6A2A6524FA0073DBFE /* ArticleCell.swift */; };
		8CF3FC6D2A65250B0073DBFE /* ArticleCell.xib in Resources */ = {isa = PBXBuildFile; fileRef = 8CF3FC6C2A65250B0073DBFE /* ArticleCell.xib */; };
		8CF3FC6F2A6525320073DBFE /* Date+Extension.swift in Sources */ = {isa = PBXBuildFile; fileRef = 8CF3FC6E2A6525320073DBFE /* Date+Extension.swift */; };
		8CF3FC712A6525650073DBFE /* String+Extension.swift in Sources */ = {isa = PBXBuildFile; fileRef = 8CF3FC702A6525650073DBFE /* String+Extension.swift */; };
		8CF3FC732A65257D0073DBFE /* UITableViewCell+Extension.swift in Sources */ = {isa = PBXBuildFile; fileRef = 8CF3FC722A65257D0073DBFE /* UITableViewCell+Extension.swift */; };
		8CF3FC752A6525950073DBFE /* UIViewController+Extension.swift in Sources */ = {isa = PBXBuildFile; fileRef = 8CF3FC742A6525950073DBFE /* UIViewController+Extension.swift */; };
		8CF3FC772A6525BB0073DBFE /* DataFetch.swift in Sources */ = {isa = PBXBuildFile; fileRef = 8CF3FC762A6525BB0073DBFE /* DataFetch.swift */; };
		8CF3FC792A6526700073DBFE /* NewsDetailsViewController.swift in Sources */ = {isa = PBXBuildFile; fileRef = 8CF3FC782A6526700073DBFE /* NewsDetailsViewController.swift */; };
		8CF3FC7B2A65267B0073DBFE /* NewsDetailsViewModel.swift in Sources */ = {isa = PBXBuildFile; fileRef = 8CF3FC7A2A65267B0073DBFE /* NewsDetailsViewModel.swift */; };
		8CF3FC7D2A6526820073DBFE /* NewsDetailsViewController.xib in Resources */ = {isa = PBXBuildFile; fileRef = 8CF3FC7C2A6526820073DBFE /* NewsDetailsViewController.xib */; };
/* End PBXBuildFile section */

/* Begin PBXContainerItemProxy section */
		8C0356D72A651F1100B2CDC7 /* PBXContainerItemProxy */ = {
			isa = PBXContainerItemProxy;
			containerPortal = 8C0356B82A651F0F00B2CDC7 /* Project object */;
			proxyType = 1;
			remoteGlobalIDString = 8C0356BF2A651F0F00B2CDC7;
			remoteInfo = News;
		};
		8C0356E12A651F1100B2CDC7 /* PBXContainerItemProxy */ = {
			isa = PBXContainerItemProxy;
			containerPortal = 8C0356B82A651F0F00B2CDC7 /* Project object */;
			proxyType = 1;
			remoteGlobalIDString = 8C0356BF2A651F0F00B2CDC7;
			remoteInfo = News;
		};
/* End PBXContainerItemProxy section */

/* Begin PBXFileReference section */
		2E606324ACC6BBADF96F1BEB /* Pods_News.framework */ = {isa = PBXFileReference; explicitFileType = wrapper.framework; includeInIndex = 0; path = Pods_News.framework; sourceTree = BUILT_PRODUCTS_DIR; };
		4FB8C61C8E92F4C1A164838A /* Pods-News.debug.xcconfig */ = {isa = PBXFileReference; includeInIndex = 1; lastKnownFileType = text.xcconfig; name = "Pods-News.debug.xcconfig"; path = "Target Support Files/Pods-News/Pods-News.debug.xcconfig"; sourceTree = "<group>"; };
		573DAEAFBDF7CD681BBA641F /* Pods-News-NewsUITests.release.xcconfig */ = {isa = PBXFileReference; includeInIndex = 1; lastKnownFileType = text.xcconfig; name = "Pods-News-NewsUITests.release.xcconfig"; path = "Target Support Files/Pods-News-NewsUITests/Pods-News-NewsUITests.release.xcconfig"; sourceTree = "<group>"; };
		58EE1C7B9D28636D6056EA1E /* Pods-News-NewsUITests.debug.xcconfig */ = {isa = PBXFileReference; includeInIndex = 1; lastKnownFileType = text.xcconfig; name = "Pods-News-NewsUITests.debug.xcconfig"; path = "Target Support Files/Pods-News-NewsUITests/Pods-News-NewsUITests.debug.xcconfig"; sourceTree = "<group>"; };
		64F56679FF0CD4DCDB28A428 /* Pods-News.release.xcconfig */ = {isa = PBXFileReference; includeInIndex = 1; lastKnownFileType = text.xcconfig; name = "Pods-News.release.xcconfig"; path = "Target Support Files/Pods-News/Pods-News.release.xcconfig"; sourceTree = "<group>"; };
		8A15ADC51FC44C3CD152714D /* Pods_News_NewsUITests.framework */ = {isa = PBXFileReference; explicitFileType = wrapper.framework; includeInIndex = 0; path = Pods_News_NewsUITests.framework; sourceTree = BUILT_PRODUCTS_DIR; };
		8C0356C02A651F0F00B2CDC7 /* News.app */ = {isa = PBXFileReference; explicitFileType = wrapper.application; includeInIndex = 0; path = News.app; sourceTree = BUILT_PRODUCTS_DIR; };
		8C0356C32A651F0F00B2CDC7 /* AppDelegate.swift */ = {isa = PBXFileReference; lastKnownFileType = sourcecode.swift; path = AppDelegate.swift; sourceTree = "<group>"; };
		8C0356C52A651F0F00B2CDC7 /* SceneDelegate.swift */ = {isa = PBXFileReference; lastKnownFileType = sourcecode.swift; path = SceneDelegate.swift; sourceTree = "<group>"; };
		8C0356CC2A651F1100B2CDC7 /* Assets.xcassets */ = {isa = PBXFileReference; lastKnownFileType = folder.assetcatalog; path = Assets.xcassets; sourceTree = "<group>"; };
		8C0356D12A651F1100B2CDC7 /* Info.plist */ = {isa = PBXFileReference; lastKnownFileType = text.plist.xml; path = Info.plist; sourceTree = "<group>"; };
		8C0356D62A651F1100B2CDC7 /* NewsTests.xctest */ = {isa = PBXFileReference; explicitFileType = wrapper.cfbundle; includeInIndex = 0; path = NewsTests.xctest; sourceTree = BUILT_PRODUCTS_DIR; };
		8C0356DA2A651F1100B2CDC7 /* NewsTests.swift */ = {isa = PBXFileReference; lastKnownFileType = sourcecode.swift; path = NewsTests.swift; sourceTree = "<group>"; };
		8C0356E02A651F1100B2CDC7 /* NewsUITests.xctest */ = {isa = PBXFileReference; explicitFileType = wrapper.cfbundle; includeInIndex = 0; path = NewsUITests.xctest; sourceTree = BUILT_PRODUCTS_DIR; };
		8C0356E42A651F1100B2CDC7 /* NewsUITests.swift */ = {isa = PBXFileReference; lastKnownFileType = sourcecode.swift; path = NewsUITests.swift; sourceTree = "<group>"; };
		8C0356E62A651F1100B2CDC7 /* NewsUITestsLaunchTests.swift */ = {isa = PBXFileReference; lastKnownFileType = sourcecode.swift; path = NewsUITestsLaunchTests.swift; sourceTree = "<group>"; };
		8CF3FC582A6523A20073DBFE /* EndPoint.swift */ = {isa = PBXFileReference; lastKnownFileType = sourcecode.swift; path = EndPoint.swift; sourceTree = "<group>"; };
		8CF3FC5A2A6523BE0073DBFE /* WebService.swift */ = {isa = PBXFileReference; lastKnownFileType = sourcecode.swift; path = WebService.swift; sourceTree = "<group>"; };
		8CF3FC5C2A6524040073DBFE /* NewsEndpoint.swift */ = {isa = PBXFileReference; lastKnownFileType = sourcecode.swift; path = NewsEndpoint.swift; sourceTree = "<group>"; };
		8CF3FC5E2A65240F0073DBFE /* NewsAPIClient.swift */ = {isa = PBXFileReference; lastKnownFileType = sourcecode.swift; path = NewsAPIClient.swift; sourceTree = "<group>"; };
		8CF3FC602A6524380073DBFE /* Headline.swift */ = {isa = PBXFileReference; lastKnownFileType = sourcecode.swift; path = Headline.swift; sourceTree = "<group>"; };
		8CF3FC622A65243F0073DBFE /* Category.swift */ = {isa = PBXFileReference; lastKnownFileType = sourcecode.swift; path = Category.swift; sourceTree = "<group>"; };
		8CF3FC642A6524470073DBFE /* Country.swift */ = {isa = PBXFileReference; lastKnownFileType = sourcecode.swift; path = Country.swift; sourceTree = "<group>"; };
		8CF3FC662A6524C90073DBFE /* NewsListViewController.swift */ = {isa = PBXFileReference; lastKnownFileType = sourcecode.swift; path = NewsListViewController.swift; sourceTree = "<group>"; };
		8CF3FC682A6524D30073DBFE /* NewsListViewModel.swift */ = {isa = PBXFileReference; lastKnownFileType = sourcecode.swift; path = NewsListViewModel.swift; sourceTree = "<group>"; };
		8CF3FC6A2A6524FA0073DBFE /* ArticleCell.swift */ = {isa = PBXFileReference; lastKnownFileType = sourcecode.swift; path = ArticleCell.swift; sourceTree = "<group>"; };
		8CF3FC6C2A65250B0073DBFE /* ArticleCell.xib */ = {isa = PBXFileReference; fileEncoding = 4; lastKnownFileType = file.xib; path = ArticleCell.xib; sourceTree = "<group>"; };
		8CF3FC6E2A6525320073DBFE /* Date+Extension.swift */ = {isa = PBXFileReference; lastKnownFileType = sourcecode.swift; path = "Date+Extension.swift"; sourceTree = "<group>"; };
		8CF3FC702A6525650073DBFE /* String+Extension.swift */ = {isa = PBXFileReference; lastKnownFileType = sourcecode.swift; path = "String+Extension.swift"; sourceTree = "<group>"; };
		8CF3FC722A65257D0073DBFE /* UITableViewCell+Extension.swift */ = {isa = PBXFileReference; lastKnownFileType = sourcecode.swift; path = "UITableViewCell+Extension.swift"; sourceTree = "<group>"; };
		8CF3FC742A6525950073DBFE /* UIViewController+Extension.swift */ = {isa = PBXFileReference; lastKnownFileType = sourcecode.swift; path = "UIViewController+Extension.swift"; sourceTree = "<group>"; };
		8CF3FC762A6525BB0073DBFE /* DataFetch.swift */ = {isa = PBXFileReference; lastKnownFileType = sourcecode.swift; path = DataFetch.swift; sourceTree = "<group>"; };
		8CF3FC782A6526700073DBFE /* NewsDetailsViewController.swift */ = {isa = PBXFileReference; lastKnownFileType = sourcecode.swift; path = NewsDetailsViewController.swift; sourceTree = "<group>"; };
		8CF3FC7A2A65267B0073DBFE /* NewsDetailsViewModel.swift */ = {isa = PBXFileReference; lastKnownFileType = sourcecode.swift; path = NewsDetailsViewModel.swift; sourceTree = "<group>"; };
		8CF3FC7C2A6526820073DBFE /* NewsDetailsViewController.xib */ = {isa = PBXFileReference; fileEncoding = 4; lastKnownFileType = file.xib; path = NewsDetailsViewController.xib; sourceTree = "<group>"; };
/* End PBXFileReference section */

/* Begin PBXFrameworksBuildPhase section */
		8C0356BD2A651F0F00B2CDC7 /* Frameworks */ = {
			isa = PBXFrameworksBuildPhase;
			buildActionMask = 2147483647;
			files = (
				1409973BE72EF535F2984009 /* Pods_News.framework in Frameworks */,
			);
			runOnlyForDeploymentPostprocessing = 0;
		};
		8C0356D32A651F1100B2CDC7 /* Frameworks */ = {
			isa = PBXFrameworksBuildPhase;
			buildActionMask = 2147483647;
			files = (
			);
			runOnlyForDeploymentPostprocessing = 0;
		};
		8C0356DD2A651F1100B2CDC7 /* Frameworks */ = {
			isa = PBXFrameworksBuildPhase;
			buildActionMask = 2147483647;
			files = (
				6D0149594D5B36F37C93D17B /* Pods_News_NewsUITests.framework in Frameworks */,
			);
			runOnlyForDeploymentPostprocessing = 0;
		};
/* End PBXFrameworksBuildPhase section */

/* Begin PBXGroup section */
		59BE10F709CCBE038B5E4BB8 /* Frameworks */ = {
			isa = PBXGroup;
			children = (
				2E606324ACC6BBADF96F1BEB /* Pods_News.framework */,
				8A15ADC51FC44C3CD152714D /* Pods_News_NewsUITests.framework */,
			);
			name = Frameworks;
			sourceTree = "<group>";
		};
		8C0356B72A651F0F00B2CDC7 = {
			isa = PBXGroup;
			children = (
				8C0356C22A651F0F00B2CDC7 /* News */,
				8C0356D92A651F1100B2CDC7 /* NewsTests */,
				8C0356E32A651F1100B2CDC7 /* NewsUITests */,
				8C0356C12A651F0F00B2CDC7 /* Products */,
				F2BEE00B25A697E9C34A078A /* Pods */,
				59BE10F709CCBE038B5E4BB8 /* Frameworks */,
			);
			sourceTree = "<group>";
		};
		8C0356C12A651F0F00B2CDC7 /* Products */ = {
			isa = PBXGroup;
			children = (
				8C0356C02A651F0F00B2CDC7 /* News.app */,
				8C0356D62A651F1100B2CDC7 /* NewsTests.xctest */,
				8C0356E02A651F1100B2CDC7 /* NewsUITests.xctest */,
			);
			name = Products;
			sourceTree = "<group>";
		};
		8C0356C22A651F0F00B2CDC7 /* News */ = {
			isa = PBXGroup;
			children = (
				8C0356F32A651F4400B2CDC7 /* CoreService */,
				8C0356F42A651F4C00B2CDC7 /* Modules */,
				8C0356F52A651F5700B2CDC7 /* Data */,
				8C0356F62A651F5E00B2CDC7 /* Extension */,
				8C0356F72A651F6500B2CDC7 /* App */,
				8C0356CC2A651F1100B2CDC7 /* Assets.xcassets */,
				8C0356D12A651F1100B2CDC7 /* Info.plist */,
			);
			path = News;
			sourceTree = "<group>";
		};
		8C0356D92A651F1100B2CDC7 /* NewsTests */ = {
			isa = PBXGroup;
			children = (
				8C0356DA2A651F1100B2CDC7 /* NewsTests.swift */,
			);
			path = NewsTests;
			sourceTree = "<group>";
		};
		8C0356E32A651F1100B2CDC7 /* NewsUITests */ = {
			isa = PBXGroup;
			children = (
				8C0356E42A651F1100B2CDC7 /* NewsUITests.swift */,
				8C0356E62A651F1100B2CDC7 /* NewsUITestsLaunchTests.swift */,
			);
			path = NewsUITests;
			sourceTree = "<group>";
		};
		8C0356F32A651F4400B2CDC7 /* CoreService */ = {
			isa = PBXGroup;
			children = (
				8C0356F82A651FE700B2CDC7 /* Network */,
			);
			path = CoreService;
			sourceTree = "<group>";
		};
		8C0356F42A651F4C00B2CDC7 /* Modules */ = {
			isa = PBXGroup;
			children = (
				8C0356F92A651FFC00B2CDC7 /* News */,
			);
			path = Modules;
			sourceTree = "<group>";
		};
		8C0356F52A651F5700B2CDC7 /* Data */ = {
			isa = PBXGroup;
			children = (
				8C0356FF2A65203200B2CDC7 /* APIService */,
				8CF3FC602A6524380073DBFE /* Headline.swift */,
				8CF3FC622A65243F0073DBFE /* Category.swift */,
				8CF3FC642A6524470073DBFE /* Country.swift */,
				8CF3FC762A6525BB0073DBFE /* DataFetch.swift */,
			);
			path = Data;
			sourceTree = "<group>";
		};
		8C0356F62A651F5E00B2CDC7 /* Extension */ = {
			isa = PBXGroup;
			children = (
				8CF3FC6E2A6525320073DBFE /* Date+Extension.swift */,
				8CF3FC702A6525650073DBFE /* String+Extension.swift */,
				8CF3FC722A65257D0073DBFE /* UITableViewCell+Extension.swift */,
				8CF3FC742A6525950073DBFE /* UIViewController+Extension.swift */,
			);
			path = Extension;
			sourceTree = "<group>";
		};
		8C0356F72A651F6500B2CDC7 /* App */ = {
			isa = PBXGroup;
			children = (
				8C0356C32A651F0F00B2CDC7 /* AppDelegate.swift */,
				8C0356C52A651F0F00B2CDC7 /* SceneDelegate.swift */,
			);
			path = App;
			sourceTree = "<group>";
		};
		8C0356F82A651FE700B2CDC7 /* Network */ = {
			isa = PBXGroup;
			children = (
				8CF3FC582A6523A20073DBFE /* EndPoint.swift */,
				8CF3FC5A2A6523BE0073DBFE /* WebService.swift */,
			);
			path = Network;
			sourceTree = "<group>";
		};
		8C0356F92A651FFC00B2CDC7 /* News */ = {
			isa = PBXGroup;
			children = (
				8C0356FA2A65200300B2CDC7 /* Data */,
				8C0356FB2A65200700B2CDC7 /* Presentation */,
			);
			path = News;
			sourceTree = "<group>";
		};
		8C0356FA2A65200300B2CDC7 /* Data */ = {
			isa = PBXGroup;
			children = (
			);
			path = Data;
			sourceTree = "<group>";
		};
		8C0356FB2A65200700B2CDC7 /* Presentation */ = {
			isa = PBXGroup;
			children = (
				8C0356FE2A65202500B2CDC7 /* Filter */,
				8C0356FD2A65201F00B2CDC7 /* NewsDetails */,
				8C0356FC2A65201800B2CDC7 /* NewsList */,
			);
			path = Presentation;
			sourceTree = "<group>";
		};
		8C0356FC2A65201800B2CDC7 /* NewsList */ = {
			isa = PBXGroup;
			children = (
				8CF3FC662A6524C90073DBFE /* NewsListViewController.swift */,
				8CF3FC682A6524D30073DBFE /* NewsListViewModel.swift */,
				8CF3FC6C2A65250B0073DBFE /* ArticleCell.xib */,
				8CF3FC6A2A6524FA0073DBFE /* ArticleCell.swift */,
			);
			path = NewsList;
			sourceTree = "<group>";
		};
		8C0356FD2A65201F00B2CDC7 /* NewsDetails */ = {
			isa = PBXGroup;
			children = (
				8CF3FC782A6526700073DBFE /* NewsDetailsViewController.swift */,
				8CF3FC7C2A6526820073DBFE /* NewsDetailsViewController.xib */,
				8CF3FC7A2A65267B0073DBFE /* NewsDetailsViewModel.swift */,
			);
			path = NewsDetails;
			sourceTree = "<group>";
		};
		8C0356FE2A65202500B2CDC7 /* Filter */ = {
			isa = PBXGroup;
			children = (
			);
			path = Filter;
			sourceTree = "<group>";
		};
		8C0356FF2A65203200B2CDC7 /* APIService */ = {
			isa = PBXGroup;
			children = (
				8CF3FC5C2A6524040073DBFE /* NewsEndpoint.swift */,
				8CF3FC5E2A65240F0073DBFE /* NewsAPIClient.swift */,
			);
			path = APIService;
			sourceTree = "<group>";
		};
		F2BEE00B25A697E9C34A078A /* Pods */ = {
			isa = PBXGroup;
			children = (
				4FB8C61C8E92F4C1A164838A /* Pods-News.debug.xcconfig */,
				64F56679FF0CD4DCDB28A428 /* Pods-News.release.xcconfig */,
				58EE1C7B9D28636D6056EA1E /* Pods-News-NewsUITests.debug.xcconfig */,
				573DAEAFBDF7CD681BBA641F /* Pods-News-NewsUITests.release.xcconfig */,
			);
			path = Pods;
			sourceTree = "<group>";
		};
/* End PBXGroup section */

/* Begin PBXNativeTarget section */
		8C0356BF2A651F0F00B2CDC7 /* News */ = {
			isa = PBXNativeTarget;
			buildConfigurationList = 8C0356EA2A651F1100B2CDC7 /* Build configuration list for PBXNativeTarget "News" */;
			buildPhases = (
				17030FC11B0F30FE7B8D9104 /* [CP] Check Pods Manifest.lock */,
				8C0356BC2A651F0F00B2CDC7 /* Sources */,
				8C0356BD2A651F0F00B2CDC7 /* Frameworks */,
				8C0356BE2A651F0F00B2CDC7 /* Resources */,
				30F25EFF7FB61EB1EAA14CCF /* [CP] Embed Pods Frameworks */,
				8CF3FC572A6522F10073DBFE /* Swiftlint */,
			);
			buildRules = (
			);
			dependencies = (
			);
			name = News;
			productName = News;
			productReference = 8C0356C02A651F0F00B2CDC7 /* News.app */;
			productType = "com.apple.product-type.application";
		};
		8C0356D52A651F1100B2CDC7 /* NewsTests */ = {
			isa = PBXNativeTarget;
			buildConfigurationList = 8C0356ED2A651F1100B2CDC7 /* Build configuration list for PBXNativeTarget "NewsTests" */;
			buildPhases = (
				8C0356D22A651F1100B2CDC7 /* Sources */,
				8C0356D32A651F1100B2CDC7 /* Frameworks */,
				8C0356D42A651F1100B2CDC7 /* Resources */,
			);
			buildRules = (
			);
			dependencies = (
				8C0356D82A651F1100B2CDC7 /* PBXTargetDependency */,
			);
			name = NewsTests;
			productName = NewsTests;
			productReference = 8C0356D62A651F1100B2CDC7 /* NewsTests.xctest */;
			productType = "com.apple.product-type.bundle.unit-test";
		};
		8C0356DF2A651F1100B2CDC7 /* NewsUITests */ = {
			isa = PBXNativeTarget;
			buildConfigurationList = 8C0356F02A651F1100B2CDC7 /* Build configuration list for PBXNativeTarget "NewsUITests" */;
			buildPhases = (
				41B5ADE514A0FEE76808B1DA /* [CP] Check Pods Manifest.lock */,
				8C0356DC2A651F1100B2CDC7 /* Sources */,
				8C0356DD2A651F1100B2CDC7 /* Frameworks */,
				8C0356DE2A651F1100B2CDC7 /* Resources */,
				5398D7521A9150CDE64092FC /* [CP] Embed Pods Frameworks */,
			);
			buildRules = (
			);
			dependencies = (
				8C0356E22A651F1100B2CDC7 /* PBXTargetDependency */,
			);
			name = NewsUITests;
			productName = NewsUITests;
			productReference = 8C0356E02A651F1100B2CDC7 /* NewsUITests.xctest */;
			productType = "com.apple.product-type.bundle.ui-testing";
		};
/* End PBXNativeTarget section */

/* Begin PBXProject section */
		8C0356B82A651F0F00B2CDC7 /* Project object */ = {
			isa = PBXProject;
			attributes = {
				BuildIndependentTargetsInParallel = 1;
				LastSwiftUpdateCheck = 1430;
				LastUpgradeCheck = 1430;
				TargetAttributes = {
					8C0356BF2A651F0F00B2CDC7 = {
						CreatedOnToolsVersion = 14.3.1;
					};
					8C0356D52A651F1100B2CDC7 = {
						CreatedOnToolsVersion = 14.3.1;
						TestTargetID = 8C0356BF2A651F0F00B2CDC7;
					};
					8C0356DF2A651F1100B2CDC7 = {
						CreatedOnToolsVersion = 14.3.1;
						TestTargetID = 8C0356BF2A651F0F00B2CDC7;
					};
				};
			};
			buildConfigurationList = 8C0356BB2A651F0F00B2CDC7 /* Build configuration list for PBXProject "News" */;
			compatibilityVersion = "Xcode 13.0";
			developmentRegion = en;
			hasScannedForEncodings = 0;
			knownRegions = (
				en,
				Base,
			);
			mainGroup = 8C0356B72A651F0F00B2CDC7;
			productRefGroup = 8C0356C12A651F0F00B2CDC7 /* Products */;
			projectDirPath = "";
			projectRoot = "";
			targets = (
				8C0356BF2A651F0F00B2CDC7 /* News */,
				8C0356D52A651F1100B2CDC7 /* NewsTests */,
				8C0356DF2A651F1100B2CDC7 /* NewsUITests */,
			);
		};
/* End PBXProject section */

/* Begin PBXResourcesBuildPhase section */
		8C0356BE2A651F0F00B2CDC7 /* Resources */ = {
			isa = PBXResourcesBuildPhase;
			buildActionMask = 2147483647;
			files = (
				8CF3FC7D2A6526820073DBFE /* NewsDetailsViewController.xib in Resources */,
				8CF3FC6D2A65250B0073DBFE /* ArticleCell.xib in Resources */,
				8C0356CD2A651F1100B2CDC7 /* Assets.xcassets in Resources */,
			);
			runOnlyForDeploymentPostprocessing = 0;
		};
		8C0356D42A651F1100B2CDC7 /* Resources */ = {
			isa = PBXResourcesBuildPhase;
			buildActionMask = 2147483647;
			files = (
			);
			runOnlyForDeploymentPostprocessing = 0;
		};
		8C0356DE2A651F1100B2CDC7 /* Resources */ = {
			isa = PBXResourcesBuildPhase;
			buildActionMask = 2147483647;
			files = (
			);
			runOnlyForDeploymentPostprocessing = 0;
		};
/* End PBXResourcesBuildPhase section */

/* Begin PBXShellScriptBuildPhase section */
		17030FC11B0F30FE7B8D9104 /* [CP] Check Pods Manifest.lock */ = {
			isa = PBXShellScriptBuildPhase;
			buildActionMask = 2147483647;
			files = (
			);
			inputFileListPaths = (
			);
			inputPaths = (
				"${PODS_PODFILE_DIR_PATH}/Podfile.lock",
				"${PODS_ROOT}/Manifest.lock",
			);
			name = "[CP] Check Pods Manifest.lock";
			outputFileListPaths = (
			);
			outputPaths = (
				"$(DERIVED_FILE_DIR)/Pods-News-checkManifestLockResult.txt",
			);
			runOnlyForDeploymentPostprocessing = 0;
			shellPath = /bin/sh;
			shellScript = "diff \"${PODS_PODFILE_DIR_PATH}/Podfile.lock\" \"${PODS_ROOT}/Manifest.lock\" > /dev/null\nif [ $? != 0 ] ; then\n    # print error to STDERR\n    echo \"error: The sandbox is not in sync with the Podfile.lock. Run 'pod install' or update your CocoaPods installation.\" >&2\n    exit 1\nfi\n# This output is used by Xcode 'outputs' to avoid re-running this script phase.\necho \"SUCCESS\" > \"${SCRIPT_OUTPUT_FILE_0}\"\n";
			showEnvVarsInLog = 0;
		};
		30F25EFF7FB61EB1EAA14CCF /* [CP] Embed Pods Frameworks */ = {
			isa = PBXShellScriptBuildPhase;
			buildActionMask = 2147483647;
			files = (
			);
			inputFileListPaths = (
				"${PODS_ROOT}/Target Support Files/Pods-News/Pods-News-frameworks-${CONFIGURATION}-input-files.xcfilelist",
			);
			name = "[CP] Embed Pods Frameworks";
			outputFileListPaths = (
				"${PODS_ROOT}/Target Support Files/Pods-News/Pods-News-frameworks-${CONFIGURATION}-output-files.xcfilelist",
			);
			runOnlyForDeploymentPostprocessing = 0;
			shellPath = /bin/sh;
			shellScript = "\"${PODS_ROOT}/Target Support Files/Pods-News/Pods-News-frameworks.sh\"\n";
			showEnvVarsInLog = 0;
		};
		41B5ADE514A0FEE76808B1DA /* [CP] Check Pods Manifest.lock */ = {
			isa = PBXShellScriptBuildPhase;
			buildActionMask = 2147483647;
			files = (
			);
			inputFileListPaths = (
			);
			inputPaths = (
				"${PODS_PODFILE_DIR_PATH}/Podfile.lock",
				"${PODS_ROOT}/Manifest.lock",
			);
			name = "[CP] Check Pods Manifest.lock";
			outputFileListPaths = (
			);
			outputPaths = (
				"$(DERIVED_FILE_DIR)/Pods-News-NewsUITests-checkManifestLockResult.txt",
			);
			runOnlyForDeploymentPostprocessing = 0;
			shellPath = /bin/sh;
			shellScript = "diff \"${PODS_PODFILE_DIR_PATH}/Podfile.lock\" \"${PODS_ROOT}/Manifest.lock\" > /dev/null\nif [ $? != 0 ] ; then\n    # print error to STDERR\n    echo \"error: The sandbox is not in sync with the Podfile.lock. Run 'pod install' or update your CocoaPods installation.\" >&2\n    exit 1\nfi\n# This output is used by Xcode 'outputs' to avoid re-running this script phase.\necho \"SUCCESS\" > \"${SCRIPT_OUTPUT_FILE_0}\"\n";
			showEnvVarsInLog = 0;
		};
		5398D7521A9150CDE64092FC /* [CP] Embed Pods Frameworks */ = {
			isa = PBXShellScriptBuildPhase;
			buildActionMask = 2147483647;
			files = (
			);
			inputFileListPaths = (
				"${PODS_ROOT}/Target Support Files/Pods-News-NewsUITests/Pods-News-NewsUITests-frameworks-${CONFIGURATION}-input-files.xcfilelist",
			);
			name = "[CP] Embed Pods Frameworks";
			outputFileListPaths = (
				"${PODS_ROOT}/Target Support Files/Pods-News-NewsUITests/Pods-News-NewsUITests-frameworks-${CONFIGURATION}-output-files.xcfilelist",
			);
			runOnlyForDeploymentPostprocessing = 0;
			shellPath = /bin/sh;
			shellScript = "\"${PODS_ROOT}/Target Support Files/Pods-News-NewsUITests/Pods-News-NewsUITests-frameworks.sh\"\n";
			showEnvVarsInLog = 0;
		};
		8CF3FC572A6522F10073DBFE /* Swiftlint */ = {
			isa = PBXShellScriptBuildPhase;
			alwaysOutOfDate = 1;
			buildActionMask = 2147483647;
			files = (
			);
			inputFileListPaths = (
			);
			inputPaths = (
			);
			name = Swiftlint;
			outputFileListPaths = (
			);
			outputPaths = (
			);
			runOnlyForDeploymentPostprocessing = 0;
			shellPath = /bin/sh;
			shellScript = "export PATH=\"$PATH:/opt/homebrew/bin\"\n\nif which swiftlint > /dev/null; then\n  swiftlint\nelse\n  echo \"warning: SwiftLint not installed, download from https://github.com/realm/SwiftLint\"\nfi\n";
		};
/* End PBXShellScriptBuildPhase section */

/* Begin PBXSourcesBuildPhase section */
		8C0356BC2A651F0F00B2CDC7 /* Sources */ = {
			isa = PBXSourcesBuildPhase;
			buildActionMask = 2147483647;
			files = (
				8CF3FC7B2A65267B0073DBFE /* NewsDetailsViewModel.swift in Sources */,
				8CF3FC752A6525950073DBFE /* UIViewController+Extension.swift in Sources */,
				8CF3FC692A6524D30073DBFE /* NewsListViewModel.swift in Sources */,
				8CF3FC732A65257D0073DBFE /* UITableViewCell+Extension.swift in Sources */,
				8CF3FC5F2A65240F0073DBFE /* NewsAPIClient.swift in Sources */,
				8CF3FC6F2A6525320073DBFE /* Date+Extension.swift in Sources */,
				8CF3FC652A6524470073DBFE /* Country.swift in Sources */,
				8CF3FC792A6526700073DBFE /* NewsDetailsViewController.swift in Sources */,
				8CF3FC592A6523A20073DBFE /* EndPoint.swift in Sources */,
				8CF3FC612A6524380073DBFE /* Headline.swift in Sources */,
				8CF3FC5D2A6524040073DBFE /* NewsEndpoint.swift in Sources */,
				8CF3FC672A6524C90073DBFE /* NewsListViewController.swift in Sources */,
				8CF3FC712A6525650073DBFE /* String+Extension.swift in Sources */,
				8CF3FC772A6525BB0073DBFE /* DataFetch.swift in Sources */,
				8C0356C42A651F0F00B2CDC7 /* AppDelegate.swift in Sources */,
				8CF3FC6B2A6524FA0073DBFE /* ArticleCell.swift in Sources */,
				8CF3FC5B2A6523BE0073DBFE /* WebService.swift in Sources */,
				8C0356C62A651F0F00B2CDC7 /* SceneDelegate.swift in Sources */,
				8CF3FC632A65243F0073DBFE /* Category.swift in Sources */,
			);
			runOnlyForDeploymentPostprocessing = 0;
		};
		8C0356D22A651F1100B2CDC7 /* Sources */ = {
			isa = PBXSourcesBuildPhase;
			buildActionMask = 2147483647;
			files = (
				8C0356DB2A651F1100B2CDC7 /* NewsTests.swift in Sources */,
			);
			runOnlyForDeploymentPostprocessing = 0;
		};
		8C0356DC2A651F1100B2CDC7 /* Sources */ = {
			isa = PBXSourcesBuildPhase;
			buildActionMask = 2147483647;
			files = (
				8C0356E52A651F1100B2CDC7 /* NewsUITests.swift in Sources */,
				8C0356E72A651F1100B2CDC7 /* NewsUITestsLaunchTests.swift in Sources */,
			);
			runOnlyForDeploymentPostprocessing = 0;
		};
/* End PBXSourcesBuildPhase section */

/* Begin PBXTargetDependency section */
		8C0356D82A651F1100B2CDC7 /* PBXTargetDependency */ = {
			isa = PBXTargetDependency;
			target = 8C0356BF2A651F0F00B2CDC7 /* News */;
			targetProxy = 8C0356D72A651F1100B2CDC7 /* PBXContainerItemProxy */;
		};
		8C0356E22A651F1100B2CDC7 /* PBXTargetDependency */ = {
			isa = PBXTargetDependency;
			target = 8C0356BF2A651F0F00B2CDC7 /* News */;
			targetProxy = 8C0356E12A651F1100B2CDC7 /* PBXContainerItemProxy */;
		};
/* End PBXTargetDependency section */

/* Begin XCBuildConfiguration section */
		8C0356E82A651F1100B2CDC7 /* Debug */ = {
			isa = XCBuildConfiguration;
			buildSettings = {
				ALWAYS_SEARCH_USER_PATHS = NO;
				CLANG_ANALYZER_NONNULL = YES;
				CLANG_ANALYZER_NUMBER_OBJECT_CONVERSION = YES_AGGRESSIVE;
				CLANG_CXX_LANGUAGE_STANDARD = "gnu++20";
				CLANG_ENABLE_MODULES = YES;
				CLANG_ENABLE_OBJC_ARC = YES;
				CLANG_ENABLE_OBJC_WEAK = YES;
				CLANG_WARN_BLOCK_CAPTURE_AUTORELEASING = YES;
				CLANG_WARN_BOOL_CONVERSION = YES;
				CLANG_WARN_COMMA = YES;
				CLANG_WARN_CONSTANT_CONVERSION = YES;
				CLANG_WARN_DEPRECATED_OBJC_IMPLEMENTATIONS = YES;
				CLANG_WARN_DIRECT_OBJC_ISA_USAGE = YES_ERROR;
				CLANG_WARN_DOCUMENTATION_COMMENTS = YES;
				CLANG_WARN_EMPTY_BODY = YES;
				CLANG_WARN_ENUM_CONVERSION = YES;
				CLANG_WARN_INFINITE_RECURSION = YES;
				CLANG_WARN_INT_CONVERSION = YES;
				CLANG_WARN_NON_LITERAL_NULL_CONVERSION = YES;
				CLANG_WARN_OBJC_IMPLICIT_RETAIN_SELF = YES;
				CLANG_WARN_OBJC_LITERAL_CONVERSION = YES;
				CLANG_WARN_OBJC_ROOT_CLASS = YES_ERROR;
				CLANG_WARN_QUOTED_INCLUDE_IN_FRAMEWORK_HEADER = YES;
				CLANG_WARN_RANGE_LOOP_ANALYSIS = YES;
				CLANG_WARN_STRICT_PROTOTYPES = YES;
				CLANG_WARN_SUSPICIOUS_MOVE = YES;
				CLANG_WARN_UNGUARDED_AVAILABILITY = YES_AGGRESSIVE;
				CLANG_WARN_UNREACHABLE_CODE = YES;
				CLANG_WARN__DUPLICATE_METHOD_MATCH = YES;
				COPY_PHASE_STRIP = NO;
				DEBUG_INFORMATION_FORMAT = dwarf;
				ENABLE_STRICT_OBJC_MSGSEND = YES;
				ENABLE_TESTABILITY = YES;
				GCC_C_LANGUAGE_STANDARD = gnu11;
				GCC_DYNAMIC_NO_PIC = NO;
				GCC_NO_COMMON_BLOCKS = YES;
				GCC_OPTIMIZATION_LEVEL = 0;
				GCC_PREPROCESSOR_DEFINITIONS = (
					"DEBUG=1",
					"$(inherited)",
				);
				GCC_WARN_64_TO_32_BIT_CONVERSION = YES;
				GCC_WARN_ABOUT_RETURN_TYPE = YES_ERROR;
				GCC_WARN_UNDECLARED_SELECTOR = YES;
				GCC_WARN_UNINITIALIZED_AUTOS = YES_AGGRESSIVE;
				GCC_WARN_UNUSED_FUNCTION = YES;
				GCC_WARN_UNUSED_VARIABLE = YES;
				IPHONEOS_DEPLOYMENT_TARGET = 16.4;
				MTL_ENABLE_DEBUG_INFO = INCLUDE_SOURCE;
				MTL_FAST_MATH = YES;
				ONLY_ACTIVE_ARCH = YES;
				SDKROOT = iphoneos;
				SWIFT_ACTIVE_COMPILATION_CONDITIONS = DEBUG;
				SWIFT_OPTIMIZATION_LEVEL = "-Onone";
			};
			name = Debug;
		};
		8C0356E92A651F1100B2CDC7 /* Release */ = {
			isa = XCBuildConfiguration;
			buildSettings = {
				ALWAYS_SEARCH_USER_PATHS = NO;
				CLANG_ANALYZER_NONNULL = YES;
				CLANG_ANALYZER_NUMBER_OBJECT_CONVERSION = YES_AGGRESSIVE;
				CLANG_CXX_LANGUAGE_STANDARD = "gnu++20";
				CLANG_ENABLE_MODULES = YES;
				CLANG_ENABLE_OBJC_ARC = YES;
				CLANG_ENABLE_OBJC_WEAK = YES;
				CLANG_WARN_BLOCK_CAPTURE_AUTORELEASING = YES;
				CLANG_WARN_BOOL_CONVERSION = YES;
				CLANG_WARN_COMMA = YES;
				CLANG_WARN_CONSTANT_CONVERSION = YES;
				CLANG_WARN_DEPRECATED_OBJC_IMPLEMENTATIONS = YES;
				CLANG_WARN_DIRECT_OBJC_ISA_USAGE = YES_ERROR;
				CLANG_WARN_DOCUMENTATION_COMMENTS = YES;
				CLANG_WARN_EMPTY_BODY = YES;
				CLANG_WARN_ENUM_CONVERSION = YES;
				CLANG_WARN_INFINITE_RECURSION = YES;
				CLANG_WARN_INT_CONVERSION = YES;
				CLANG_WARN_NON_LITERAL_NULL_CONVERSION = YES;
				CLANG_WARN_OBJC_IMPLICIT_RETAIN_SELF = YES;
				CLANG_WARN_OBJC_LITERAL_CONVERSION = YES;
				CLANG_WARN_OBJC_ROOT_CLASS = YES_ERROR;
				CLANG_WARN_QUOTED_INCLUDE_IN_FRAMEWORK_HEADER = YES;
				CLANG_WARN_RANGE_LOOP_ANALYSIS = YES;
				CLANG_WARN_STRICT_PROTOTYPES = YES;
				CLANG_WARN_SUSPICIOUS_MOVE = YES;
				CLANG_WARN_UNGUARDED_AVAILABILITY = YES_AGGRESSIVE;
				CLANG_WARN_UNREACHABLE_CODE = YES;
				CLANG_WARN__DUPLICATE_METHOD_MATCH = YES;
				COPY_PHASE_STRIP = NO;
				DEBUG_INFORMATION_FORMAT = "dwarf-with-dsym";
				ENABLE_NS_ASSERTIONS = NO;
				ENABLE_STRICT_OBJC_MSGSEND = YES;
				GCC_C_LANGUAGE_STANDARD = gnu11;
				GCC_NO_COMMON_BLOCKS = YES;
				GCC_WARN_64_TO_32_BIT_CONVERSION = YES;
				GCC_WARN_ABOUT_RETURN_TYPE = YES_ERROR;
				GCC_WARN_UNDECLARED_SELECTOR = YES;
				GCC_WARN_UNINITIALIZED_AUTOS = YES_AGGRESSIVE;
				GCC_WARN_UNUSED_FUNCTION = YES;
				GCC_WARN_UNUSED_VARIABLE = YES;
				IPHONEOS_DEPLOYMENT_TARGET = 16.4;
				MTL_ENABLE_DEBUG_INFO = NO;
				MTL_FAST_MATH = YES;
				SDKROOT = iphoneos;
				SWIFT_COMPILATION_MODE = wholemodule;
				SWIFT_OPTIMIZATION_LEVEL = "-O";
				VALIDATE_PRODUCT = YES;
			};
			name = Release;
		};
		8C0356EB2A651F1100B2CDC7 /* Debug */ = {
			isa = XCBuildConfiguration;
			baseConfigurationReference = 4FB8C61C8E92F4C1A164838A /* Pods-News.debug.xcconfig */;
			buildSettings = {
				ASSETCATALOG_COMPILER_APPICON_NAME = AppIcon;
				ASSETCATALOG_COMPILER_GLOBAL_ACCENT_COLOR_NAME = AccentColor;
				CODE_SIGN_STYLE = Automatic;
				CURRENT_PROJECT_VERSION = 1;
				DEVELOPMENT_TEAM = 3MR3QRY4ZT;
				GENERATE_INFOPLIST_FILE = YES;
				INFOPLIST_FILE = News/Info.plist;
				INFOPLIST_KEY_CFBundleDisplayName = News;
				INFOPLIST_KEY_UIApplicationSupportsIndirectInputEvents = YES;
				INFOPLIST_KEY_UILaunchStoryboardName = LaunchScreen;
				INFOPLIST_KEY_UIMainStoryboardFile = Main;
				INFOPLIST_KEY_UISupportedInterfaceOrientations_iPad = "UIInterfaceOrientationPortrait UIInterfaceOrientationPortraitUpsideDown UIInterfaceOrientationLandscapeLeft UIInterfaceOrientationLandscapeRight";
				INFOPLIST_KEY_UISupportedInterfaceOrientations_iPhone = "UIInterfaceOrientationPortrait UIInterfaceOrientationLandscapeLeft UIInterfaceOrientationLandscapeRight";
				LD_RUNPATH_SEARCH_PATHS = (
					"$(inherited)",
					"@executable_path/Frameworks",
				);
				MARKETING_VERSION = 1.0;
				PRODUCT_BUNDLE_IDENTIFIER = com.mmarouf.News;
				PRODUCT_NAME = "$(TARGET_NAME)";
				SWIFT_EMIT_LOC_STRINGS = YES;
				SWIFT_VERSION = 5.0;
				TARGETED_DEVICE_FAMILY = "1,2";
			};
			name = Debug;
		};
		8C0356EC2A651F1100B2CDC7 /* Release */ = {
			isa = XCBuildConfiguration;
			baseConfigurationReference = 64F56679FF0CD4DCDB28A428 /* Pods-News.release.xcconfig */;
			buildSettings = {
				ASSETCATALOG_COMPILER_APPICON_NAME = AppIcon;
				ASSETCATALOG_COMPILER_GLOBAL_ACCENT_COLOR_NAME = AccentColor;
				CODE_SIGN_STYLE = Automatic;
				CURRENT_PROJECT_VERSION = 1;
				DEVELOPMENT_TEAM = 3MR3QRY4ZT;
				GENERATE_INFOPLIST_FILE = YES;
				INFOPLIST_FILE = News/Info.plist;
				INFOPLIST_KEY_CFBundleDisplayName = News;
				INFOPLIST_KEY_UIApplicationSupportsIndirectInputEvents = YES;
				INFOPLIST_KEY_UILaunchStoryboardName = LaunchScreen;
				INFOPLIST_KEY_UIMainStoryboardFile = Main;
				INFOPLIST_KEY_UISupportedInterfaceOrientations_iPad = "UIInterfaceOrientationPortrait UIInterfaceOrientationPortraitUpsideDown UIInterfaceOrientationLandscapeLeft UIInterfaceOrientationLandscapeRight";
				INFOPLIST_KEY_UISupportedInterfaceOrientations_iPhone = "UIInterfaceOrientationPortrait UIInterfaceOrientationLandscapeLeft UIInterfaceOrientationLandscapeRight";
				LD_RUNPATH_SEARCH_PATHS = (
					"$(inherited)",
					"@executable_path/Frameworks",
				);
				MARKETING_VERSION = 1.0;
				PRODUCT_BUNDLE_IDENTIFIER = com.mmarouf.News;
				PRODUCT_NAME = "$(TARGET_NAME)";
				SWIFT_EMIT_LOC_STRINGS = YES;
				SWIFT_VERSION = 5.0;
				TARGETED_DEVICE_FAMILY = "1,2";
			};
			name = Release;
		};
		8C0356EE2A651F1100B2CDC7 /* Debug */ = {
			isa = XCBuildConfiguration;
			buildSettings = {
				ALWAYS_EMBED_SWIFT_STANDARD_LIBRARIES = YES;
				BUNDLE_LOADER = "$(TEST_HOST)";
				CODE_SIGN_STYLE = Automatic;
				CURRENT_PROJECT_VERSION = 1;
				DEVELOPMENT_TEAM = 3MR3QRY4ZT;
				GENERATE_INFOPLIST_FILE = YES;
				IPHONEOS_DEPLOYMENT_TARGET = 16.4;
				MARKETING_VERSION = 1.0;
				PRODUCT_BUNDLE_IDENTIFIER = com.mmarouf.NewsTests;
				PRODUCT_NAME = "$(TARGET_NAME)";
				SWIFT_EMIT_LOC_STRINGS = NO;
				SWIFT_VERSION = 5.0;
				TARGETED_DEVICE_FAMILY = "1,2";
				TEST_HOST = "$(BUILT_PRODUCTS_DIR)/News.app/$(BUNDLE_EXECUTABLE_FOLDER_PATH)/News";
			};
			name = Debug;
		};
		8C0356EF2A651F1100B2CDC7 /* Release */ = {
			isa = XCBuildConfiguration;
			buildSettings = {
				ALWAYS_EMBED_SWIFT_STANDARD_LIBRARIES = YES;
				BUNDLE_LOADER = "$(TEST_HOST)";
				CODE_SIGN_STYLE = Automatic;
				CURRENT_PROJECT_VERSION = 1;
				DEVELOPMENT_TEAM = 3MR3QRY4ZT;
				GENERATE_INFOPLIST_FILE = YES;
				IPHONEOS_DEPLOYMENT_TARGET = 16.4;
				MARKETING_VERSION = 1.0;
				PRODUCT_BUNDLE_IDENTIFIER = com.mmarouf.NewsTests;
				PRODUCT_NAME = "$(TARGET_NAME)";
				SWIFT_EMIT_LOC_STRINGS = NO;
				SWIFT_VERSION = 5.0;
				TARGETED_DEVICE_FAMILY = "1,2";
				TEST_HOST = "$(BUILT_PRODUCTS_DIR)/News.app/$(BUNDLE_EXECUTABLE_FOLDER_PATH)/News";
			};
			name = Release;
		};
		8C0356F12A651F1100B2CDC7 /* Debug */ = {
			isa = XCBuildConfiguration;
			baseConfigurationReference = 58EE1C7B9D28636D6056EA1E /* Pods-News-NewsUITests.debug.xcconfig */;
			buildSettings = {
				ALWAYS_EMBED_SWIFT_STANDARD_LIBRARIES = YES;
				CODE_SIGN_STYLE = Automatic;
				CURRENT_PROJECT_VERSION = 1;
				DEVELOPMENT_TEAM = 3MR3QRY4ZT;
				GENERATE_INFOPLIST_FILE = YES;
				MARKETING_VERSION = 1.0;
				PRODUCT_BUNDLE_IDENTIFIER = com.mmarouf.NewsUITests;
				PRODUCT_NAME = "$(TARGET_NAME)";
				SWIFT_EMIT_LOC_STRINGS = NO;
				SWIFT_VERSION = 5.0;
				TARGETED_DEVICE_FAMILY = "1,2";
				TEST_TARGET_NAME = News;
			};
			name = Debug;
		};
		8C0356F22A651F1100B2CDC7 /* Release */ = {
			isa = XCBuildConfiguration;
			baseConfigurationReference = 573DAEAFBDF7CD681BBA641F /* Pods-News-NewsUITests.release.xcconfig */;
			buildSettings = {
				ALWAYS_EMBED_SWIFT_STANDARD_LIBRARIES = YES;
				CODE_SIGN_STYLE = Automatic;
				CURRENT_PROJECT_VERSION = 1;
				DEVELOPMENT_TEAM = 3MR3QRY4ZT;
				GENERATE_INFOPLIST_FILE = YES;
				MARKETING_VERSION = 1.0;
				PRODUCT_BUNDLE_IDENTIFIER = com.mmarouf.NewsUITests;
				PRODUCT_NAME = "$(TARGET_NAME)";
				SWIFT_EMIT_LOC_STRINGS = NO;
				SWIFT_VERSION = 5.0;
				TARGETED_DEVICE_FAMILY = "1,2";
				TEST_TARGET_NAME = News;
			};
			name = Release;
		};
/* End XCBuildConfiguration section */

/* Begin XCConfigurationList section */
		8C0356BB2A651F0F00B2CDC7 /* Build configuration list for PBXProject "News" */ = {
			isa = XCConfigurationList;
			buildConfigurations = (
				8C0356E82A651F1100B2CDC7 /* Debug */,
				8C0356E92A651F1100B2CDC7 /* Release */,
			);
			defaultConfigurationIsVisible = 0;
			defaultConfigurationName = Release;
		};
		8C0356EA2A651F1100B2CDC7 /* Build configuration list for PBXNativeTarget "News" */ = {
			isa = XCConfigurationList;
			buildConfigurations = (
				8C0356EB2A651F1100B2CDC7 /* Debug */,
				8C0356EC2A651F1100B2CDC7 /* Release */,
			);
			defaultConfigurationIsVisible = 0;
			defaultConfigurationName = Release;
		};
		8C0356ED2A651F1100B2CDC7 /* Build configuration list for PBXNativeTarget "NewsTests" */ = {
			isa = XCConfigurationList;
			buildConfigurations = (
				8C0356EE2A651F1100B2CDC7 /* Debug */,
				8C0356EF2A651F1100B2CDC7 /* Release */,
			);
			defaultConfigurationIsVisible = 0;
			defaultConfigurationName = Release;
		};
		8C0356F02A651F1100B2CDC7 /* Build configuration list for PBXNativeTarget "NewsUITests" */ = {
			isa = XCConfigurationList;
			buildConfigurations = (
				8C0356F12A651F1100B2CDC7 /* Debug */,
				8C0356F22A651F1100B2CDC7 /* Release */,
			);
			defaultConfigurationIsVisible = 0;
			defaultConfigurationName = Release;
		};
/* End XCConfigurationList section */
	};
	rootObject = 8C0356B82A651F0F00B2CDC7 /* Project object */;
}
